
Microsoft Visual Studio Solution File, Format Version 12.00
# Visual Studio Version 17
VisualStudioVersion = 17.9.34714.143
MinimumVisualStudioVersion = 10.0.40219.1
Project("{9A19103F-16F7-4668-BE54-9A1E7A4F7556}") = "ecommerce", "ecommerce\ecommerce.csproj", "{E616E3B3-A7BF-4066-838C-ED75797A2037}"
EndProject
Global
	GlobalSection(SolutionConfigurationPlatforms) = preSolution
		Debug|Any CPU = Debug|Any CPU
		Release|Any CPU = Release|Any CPU
	EndGlobalSection
	GlobalSection(ProjectConfigurationPlatforms) = postSolution
		{E616E3B3-A7BF-4066-838C-ED75797A2037}.Debug|Any CPU.ActiveCfg = Debug|Any CPU
		{E616E3B3-A7BF-4066-838C-ED75797A2037}.Debug|Any CPU.Build.0 = Debug|Any CPU
		{E616E3B3-A7BF-4066-838C-ED75797A2037}.Release|Any CPU.ActiveCfg = Release|Any CPU
		{E616E3B3-A7BF-4066-838C-ED75797A2037}.Release|Any CPU.Build.0 = Release|Any CPU
	EndGlobalSection
	GlobalSection(SolutionProperties) = preSolution
		HideSolutionNode = FALSE
	EndGlobalSection
	GlobalSection(ExtensibilityGlobals) = postSolution
		SolutionGuid = {948EBA96-0711-4FD5-BD3A-5A67446B1A9A}
	EndGlobalSection
EndGlobal
